// !$*UTF8*$!
{
	archiveVersion = 1;
	classes = {
	};
	objectVersion = 48;
	objects = {

/* Begin PBXBuildFile section */
		4B4735F2B17DFCAFCDEBB706 /* Pods_GeekSocial.framework in Frameworks */ = {isa = PBXBuildFile; fileRef = 956D8B8A3A76571B7D9F3597 /* Pods_GeekSocial.framework */; };
		5E07BF9B20CD67D80008DE33 /* CDManager.swift in Sources */ = {isa = PBXBuildFile; fileRef = 5E07BF9A20CD67D80008DE33 /* CDManager.swift */; };
		5E07BF9D20CD731B0008DE33 /* LoginViewController .swift in Sources */ = {isa = PBXBuildFile; fileRef = 5E07BF9C20CD731B0008DE33 /* LoginViewController .swift */; };
		5E07BF9F20CD78360008DE33 /* ListOfUsers.swift in Sources */ = {isa = PBXBuildFile; fileRef = 5E07BF9E20CD78360008DE33 /* ListOfUsers.swift */; };
		5E5309BC205D77AF00DAB980 /* SignUpViewController.swift in Sources */ = {isa = PBXBuildFile; fileRef = 5E5309BB205D77AF00DAB980 /* SignUpViewController.swift */; };
		5E5309C0205DAA7900DAB980 /* Enums.swift in Sources */ = {isa = PBXBuildFile; fileRef = 5E5309BF205DAA7900DAB980 /* Enums.swift */; };
		5E6BFED720CCD2AF00312964 /* DateExtension.swift in Sources */ = {isa = PBXBuildFile; fileRef = 5E6BFED620CCD2AF00312964 /* DateExtension.swift */; };
		5E6BFED920CCE88700312964 /* UserBO.swift in Sources */ = {isa = PBXBuildFile; fileRef = 5E6BFED820CCE88700312964 /* UserBO.swift */; };
		5EB233ED205CD915003B93CF /* FeedViewController.swift in Sources */ = {isa = PBXBuildFile; fileRef = 5EB233EC205CD915003B93CF /* FeedViewController.swift */; };
		5EB233F0205CE0B3003B93CF /* ServiceRequest.swift in Sources */ = {isa = PBXBuildFile; fileRef = 5EB233EF205CE0B3003B93CF /* ServiceRequest.swift */; };
		5EBF7464205C5794000CD789 /* User.swift in Sources */ = {isa = PBXBuildFile; fileRef = 5EBF7463205C5794000CD789 /* User.swift */; };
		5EE61F212050D10B009E7730 /* AppDelegate.swift in Sources */ = {isa = PBXBuildFile; fileRef = 5EE61F202050D10B009E7730 /* AppDelegate.swift */; };
		5EE61F262050D10B009E7730 /* Main.storyboard in Resources */ = {isa = PBXBuildFile; fileRef = 5EE61F242050D10B009E7730 /* Main.storyboard */; };
		5EE61F292050D10B009E7730 /* GeekSocial.xcdatamodeld in Sources */ = {isa = PBXBuildFile; fileRef = 5EE61F272050D10B009E7730 /* GeekSocial.xcdatamodeld */; };
		5EE61F2B2050D10B009E7730 /* Assets.xcassets in Resources */ = {isa = PBXBuildFile; fileRef = 5EE61F2A2050D10B009E7730 /* Assets.xcassets */; };
		5EE61F2E2050D10B009E7730 /* LaunchScreen.storyboard in Resources */ = {isa = PBXBuildFile; fileRef = 5EE61F2C2050D10B009E7730 /* LaunchScreen.storyboard */; };
		5EE61F392050D10C009E7730 /* GeekSocialTests.swift in Sources */ = {isa = PBXBuildFile; fileRef = 5EE61F382050D10C009E7730 /* GeekSocialTests.swift */; };
		5EE61F442050D10C009E7730 /* GeekSocialUITests.swift in Sources */ = {isa = PBXBuildFile; fileRef = 5EE61F432050D10C009E7730 /* GeekSocialUITests.swift */; };
/* End PBXBuildFile section */

/* Begin PBXContainerItemProxy section */
		5EE61F352050D10C009E7730 /* PBXContainerItemProxy */ = {
			isa = PBXContainerItemProxy;
			containerPortal = 5EE61F152050D10B009E7730 /* Project object */;
			proxyType = 1;
			remoteGlobalIDString = 5EE61F1C2050D10B009E7730;
			remoteInfo = GeekSocial;
		};
		5EE61F402050D10C009E7730 /* PBXContainerItemProxy */ = {
			isa = PBXContainerItemProxy;
			containerPortal = 5EE61F152050D10B009E7730 /* Project object */;
			proxyType = 1;
			remoteGlobalIDString = 5EE61F1C2050D10B009E7730;
			remoteInfo = GeekSocial;
		};
/* End PBXContainerItemProxy section */

/* Begin PBXFileReference section */
		0D2E92B6B8A32E92CC5F8A0F /* Pods_GeekSocialUITests.framework */ = {isa = PBXFileReference; explicitFileType = wrapper.framework; includeInIndex = 0; path = Pods_GeekSocialUITests.framework; sourceTree = BUILT_PRODUCTS_DIR; };
		19308B70C55273599CBD7E3B /* Pods-GeekSocial.debug.xcconfig */ = {isa = PBXFileReference; includeInIndex = 1; lastKnownFileType = text.xcconfig; name = "Pods-GeekSocial.debug.xcconfig"; path = "Pods/Target Support Files/Pods-GeekSocial/Pods-GeekSocial.debug.xcconfig"; sourceTree = "<group>"; };
		5E07BF9A20CD67D80008DE33 /* CDManager.swift */ = {isa = PBXFileReference; lastKnownFileType = sourcecode.swift; path = CDManager.swift; sourceTree = "<group>"; };
		5E07BF9C20CD731B0008DE33 /* LoginViewController .swift */ = {isa = PBXFileReference; fileEncoding = 4; lastKnownFileType = sourcecode.swift; path = "LoginViewController .swift"; sourceTree = "<group>"; };
		5E07BF9E20CD78360008DE33 /* ListOfUsers.swift */ = {isa = PBXFileReference; lastKnownFileType = sourcecode.swift; path = ListOfUsers.swift; sourceTree = "<group>"; };
		5E5309BB205D77AF00DAB980 /* SignUpViewController.swift */ = {isa = PBXFileReference; lastKnownFileType = sourcecode.swift; path = SignUpViewController.swift; sourceTree = "<group>"; };
		5E5309BF205DAA7900DAB980 /* Enums.swift */ = {isa = PBXFileReference; lastKnownFileType = sourcecode.swift; path = Enums.swift; sourceTree = "<group>"; };
		5E6BFED620CCD2AF00312964 /* DateExtension.swift */ = {isa = PBXFileReference; lastKnownFileType = sourcecode.swift; path = DateExtension.swift; sourceTree = "<group>"; };
		5E6BFED820CCE88700312964 /* UserBO.swift */ = {isa = PBXFileReference; lastKnownFileType = sourcecode.swift; path = UserBO.swift; sourceTree = "<group>"; };
		5EB233EC205CD915003B93CF /* FeedViewController.swift */ = {isa = PBXFileReference; lastKnownFileType = sourcecode.swift; path = FeedViewController.swift; sourceTree = "<group>"; };
		5EB233EF205CE0B3003B93CF /* ServiceRequest.swift */ = {isa = PBXFileReference; lastKnownFileType = sourcecode.swift; path = ServiceRequest.swift; sourceTree = "<group>"; };
		5EBF7463205C5794000CD789 /* User.swift */ = {isa = PBXFileReference; lastKnownFileType = sourcecode.swift; path = User.swift; sourceTree = "<group>"; };
		5EE61F1D2050D10B009E7730 /* GeekSocial.app */ = {isa = PBXFileReference; explicitFileType = wrapper.application; includeInIndex = 0; path = GeekSocial.app; sourceTree = BUILT_PRODUCTS_DIR; };
		5EE61F202050D10B009E7730 /* AppDelegate.swift */ = {isa = PBXFileReference; lastKnownFileType = sourcecode.swift; path = AppDelegate.swift; sourceTree = "<group>"; };
		5EE61F252050D10B009E7730 /* Base */ = {isa = PBXFileReference; lastKnownFileType = file.storyboard; name = Base; path = Base.lproj/Main.storyboard; sourceTree = "<group>"; };
		5EE61F282050D10B009E7730 /* GeekSocial.xcdatamodel */ = {isa = PBXFileReference; lastKnownFileType = wrapper.xcdatamodel; path = GeekSocial.xcdatamodel; sourceTree = "<group>"; };
		5EE61F2A2050D10B009E7730 /* Assets.xcassets */ = {isa = PBXFileReference; lastKnownFileType = folder.assetcatalog; path = Assets.xcassets; sourceTree = "<group>"; };
		5EE61F2D2050D10B009E7730 /* Base */ = {isa = PBXFileReference; lastKnownFileType = file.storyboard; name = Base; path = Base.lproj/LaunchScreen.storyboard; sourceTree = "<group>"; };
		5EE61F2F2050D10B009E7730 /* Info.plist */ = {isa = PBXFileReference; lastKnownFileType = text.plist.xml; path = Info.plist; sourceTree = "<group>"; };
		5EE61F342050D10B009E7730 /* GeekSocialTests.xctest */ = {isa = PBXFileReference; explicitFileType = wrapper.cfbundle; includeInIndex = 0; path = GeekSocialTests.xctest; sourceTree = BUILT_PRODUCTS_DIR; };
		5EE61F382050D10C009E7730 /* GeekSocialTests.swift */ = {isa = PBXFileReference; lastKnownFileType = sourcecode.swift; path = GeekSocialTests.swift; sourceTree = "<group>"; };
		5EE61F3A2050D10C009E7730 /* Info.plist */ = {isa = PBXFileReference; lastKnownFileType = text.plist.xml; path = Info.plist; sourceTree = "<group>"; };
		5EE61F3F2050D10C009E7730 /* GeekSocialUITests.xctest */ = {isa = PBXFileReference; explicitFileType = wrapper.cfbundle; includeInIndex = 0; path = GeekSocialUITests.xctest; sourceTree = BUILT_PRODUCTS_DIR; };
		5EE61F432050D10C009E7730 /* GeekSocialUITests.swift */ = {isa = PBXFileReference; lastKnownFileType = sourcecode.swift; path = GeekSocialUITests.swift; sourceTree = "<group>"; };
		5EE61F452050D10C009E7730 /* Info.plist */ = {isa = PBXFileReference; lastKnownFileType = text.plist.xml; path = Info.plist; sourceTree = "<group>"; };
		956D8B8A3A76571B7D9F3597 /* Pods_GeekSocial.framework */ = {isa = PBXFileReference; explicitFileType = wrapper.framework; includeInIndex = 0; path = Pods_GeekSocial.framework; sourceTree = BUILT_PRODUCTS_DIR; };
		BA43D6FBEB0960DFC91452F0 /* Pods-GeekSocial.release.xcconfig */ = {isa = PBXFileReference; includeInIndex = 1; lastKnownFileType = text.xcconfig; name = "Pods-GeekSocial.release.xcconfig"; path = "Pods/Target Support Files/Pods-GeekSocial/Pods-GeekSocial.release.xcconfig"; sourceTree = "<group>"; };
		D3383366EA9788200DA2EFF4 /* Pods_GeekSocialTests.framework */ = {isa = PBXFileReference; explicitFileType = wrapper.framework; includeInIndex = 0; path = Pods_GeekSocialTests.framework; sourceTree = BUILT_PRODUCTS_DIR; };
		E066ECC4B8979AF3F16503A4 /* Pods_GeekSocial_GeekSocialTests.framework */ = {isa = PBXFileReference; explicitFileType = wrapper.framework; includeInIndex = 0; path = Pods_GeekSocial_GeekSocialTests.framework; sourceTree = BUILT_PRODUCTS_DIR; };
		F09F84B5A9E0ED6209AE85CD /* Pods-GeekSocialTests.release.xcconfig */ = {isa = PBXFileReference; includeInIndex = 1; lastKnownFileType = text.xcconfig; name = "Pods-GeekSocialTests.release.xcconfig"; path = "Pods/Target Support Files/Pods-GeekSocialTests/Pods-GeekSocialTests.release.xcconfig"; sourceTree = "<group>"; };
		F0EA0D7706F83FD0D1FA24B4 /* Pods-GeekSocialTests.debug.xcconfig */ = {isa = PBXFileReference; includeInIndex = 1; lastKnownFileType = text.xcconfig; name = "Pods-GeekSocialTests.debug.xcconfig"; path = "Pods/Target Support Files/Pods-GeekSocialTests/Pods-GeekSocialTests.debug.xcconfig"; sourceTree = "<group>"; };
/* End PBXFileReference section */

/* Begin PBXFrameworksBuildPhase section */
		5EE61F1A2050D10B009E7730 /* Frameworks */ = {
			isa = PBXFrameworksBuildPhase;
			buildActionMask = 2147483647;
			files = (
				4B4735F2B17DFCAFCDEBB706 /* Pods_GeekSocial.framework in Frameworks */,
			);
			runOnlyForDeploymentPostprocessing = 0;
		};
		5EE61F312050D10B009E7730 /* Frameworks */ = {
			isa = PBXFrameworksBuildPhase;
			buildActionMask = 2147483647;
			files = (
			);
			runOnlyForDeploymentPostprocessing = 0;
		};
		5EE61F3C2050D10C009E7730 /* Frameworks */ = {
			isa = PBXFrameworksBuildPhase;
			buildActionMask = 2147483647;
			files = (
			);
			runOnlyForDeploymentPostprocessing = 0;
		};
/* End PBXFrameworksBuildPhase section */

/* Begin PBXGroup section */
		3F04A459CE0DDECDF32E8736 /* Pods */ = {
			isa = PBXGroup;
			children = (
				19308B70C55273599CBD7E3B /* Pods-GeekSocial.debug.xcconfig */,
				BA43D6FBEB0960DFC91452F0 /* Pods-GeekSocial.release.xcconfig */,
				F0EA0D7706F83FD0D1FA24B4 /* Pods-GeekSocialTests.debug.xcconfig */,
				F09F84B5A9E0ED6209AE85CD /* Pods-GeekSocialTests.release.xcconfig */,
			);
			name = Pods;
			sourceTree = "<group>";
		};
		5EB233EE205CE095003B93CF /* Request */ = {
			isa = PBXGroup;
			children = (
				5EB233EF205CE0B3003B93CF /* ServiceRequest.swift */,
			);
			path = Request;
			sourceTree = "<group>";
		};
		5EBF745D205C56E3000CD789 /* Model */ = {
			isa = PBXGroup;
			children = (
				5EBF7463205C5794000CD789 /* User.swift */,
				5E6BFED820CCE88700312964 /* UserBO.swift */,
				5E07BF9E20CD78360008DE33 /* ListOfUsers.swift */,
			);
			path = Model;
			sourceTree = "<group>";
		};
		5EBF745E205C56F0000CD789 /* View */ = {
			isa = PBXGroup;
			children = (
				5EE61F242050D10B009E7730 /* Main.storyboard */,
				5EE61F2C2050D10B009E7730 /* LaunchScreen.storyboard */,
				5EE61F2A2050D10B009E7730 /* Assets.xcassets */,
			);
			path = View;
			sourceTree = "<group>";
		};
		5EBF745F205C56F6000CD789 /* Controller */ = {
			isa = PBXGroup;
			children = (
				5EB233EC205CD915003B93CF /* FeedViewController.swift */,
				5E07BF9C20CD731B0008DE33 /* LoginViewController .swift */,
				5E5309BB205D77AF00DAB980 /* SignUpViewController.swift */,
			);
			path = Controller;
			sourceTree = "<group>";
		};
		5EBF7460205C5705000CD789 /* AppUlt */ = {
			isa = PBXGroup;
			children = (
				5EE61F202050D10B009E7730 /* AppDelegate.swift */,
				5E5309BF205DAA7900DAB980 /* Enums.swift */,
				5E6BFED620CCD2AF00312964 /* DateExtension.swift */,
			);
			path = AppUlt;
			sourceTree = "<group>";
		};
		5EBF7461205C5720000CD789 /* Persistence */ = {
			isa = PBXGroup;
			children = (
				5EE61F272050D10B009E7730 /* GeekSocial.xcdatamodeld */,
				5E07BF9A20CD67D80008DE33 /* CDManager.swift */,
			);
			path = Persistence;
			sourceTree = "<group>";
		};
		5EE61F142050D10B009E7730 = {
			isa = PBXGroup;
			children = (
				5EE61F1F2050D10B009E7730 /* GeekSocial */,
				5EE61F372050D10C009E7730 /* GeekSocialTests */,
				5EE61F422050D10C009E7730 /* GeekSocialUITests */,
				5EE61F1E2050D10B009E7730 /* Products */,
				3F04A459CE0DDECDF32E8736 /* Pods */,
				C4A09A80A6C41399835539F2 /* Frameworks */,
			);
			sourceTree = "<group>";
		};
		5EE61F1E2050D10B009E7730 /* Products */ = {
			isa = PBXGroup;
			children = (
				5EE61F1D2050D10B009E7730 /* GeekSocial.app */,
				5EE61F342050D10B009E7730 /* GeekSocialTests.xctest */,
				5EE61F3F2050D10C009E7730 /* GeekSocialUITests.xctest */,
			);
			name = Products;
			sourceTree = "<group>";
		};
		5EE61F1F2050D10B009E7730 /* GeekSocial */ = {
			isa = PBXGroup;
			children = (
				5EBF7460205C5705000CD789 /* AppUlt */,
				5EBF745F205C56F6000CD789 /* Controller */,
				5EBF745E205C56F0000CD789 /* View */,
				5EBF745D205C56E3000CD789 /* Model */,
				5EB233EE205CE095003B93CF /* Request */,
				5EBF7461205C5720000CD789 /* Persistence */,
				5EE61F2F2050D10B009E7730 /* Info.plist */,
			);
			path = GeekSocial;
			sourceTree = "<group>";
		};
		5EE61F372050D10C009E7730 /* GeekSocialTests */ = {
			isa = PBXGroup;
			children = (
				5EE61F382050D10C009E7730 /* GeekSocialTests.swift */,
				5EE61F3A2050D10C009E7730 /* Info.plist */,
			);
			path = GeekSocialTests;
			sourceTree = "<group>";
		};
		5EE61F422050D10C009E7730 /* GeekSocialUITests */ = {
			isa = PBXGroup;
			children = (
				5EE61F432050D10C009E7730 /* GeekSocialUITests.swift */,
				5EE61F452050D10C009E7730 /* Info.plist */,
			);
			path = GeekSocialUITests;
			sourceTree = "<group>";
		};
		C4A09A80A6C41399835539F2 /* Frameworks */ = {
			isa = PBXGroup;
			children = (
				956D8B8A3A76571B7D9F3597 /* Pods_GeekSocial.framework */,
				D3383366EA9788200DA2EFF4 /* Pods_GeekSocialTests.framework */,
				0D2E92B6B8A32E92CC5F8A0F /* Pods_GeekSocialUITests.framework */,
				E066ECC4B8979AF3F16503A4 /* Pods_GeekSocial_GeekSocialTests.framework */,
			);
			name = Frameworks;
			sourceTree = "<group>";
		};
/* End PBXGroup section */

/* Begin PBXNativeTarget section */
		5EE61F1C2050D10B009E7730 /* GeekSocial */ = {
			isa = PBXNativeTarget;
			buildConfigurationList = 5EE61F482050D10C009E7730 /* Build configuration list for PBXNativeTarget "GeekSocial" */;
			buildPhases = (
				2046D4D62EBA046D5B9BE677 /* [CP] Check Pods Manifest.lock */,
				5EE61F192050D10B009E7730 /* Sources */,
				5EE61F1A2050D10B009E7730 /* Frameworks */,
				5EE61F1B2050D10B009E7730 /* Resources */,
				E0CD3C913BDD742DD5594F91 /* [CP] Embed Pods Frameworks */,
				EE10DC8078B01E21B2FCB959 /* [CP] Copy Pods Resources */,
			);
			buildRules = (
			);
			dependencies = (
			);
			name = GeekSocial;
			productName = GeekSocial;
			productReference = 5EE61F1D2050D10B009E7730 /* GeekSocial.app */;
			productType = "com.apple.product-type.application";
		};
		5EE61F332050D10B009E7730 /* GeekSocialTests */ = {
			isa = PBXNativeTarget;
			buildConfigurationList = 5EE61F4B2050D10C009E7730 /* Build configuration list for PBXNativeTarget "GeekSocialTests" */;
			buildPhases = (
				5EE61F302050D10B009E7730 /* Sources */,
				5EE61F312050D10B009E7730 /* Frameworks */,
				5EE61F322050D10B009E7730 /* Resources */,
			);
			buildRules = (
			);
			dependencies = (
				5EE61F362050D10C009E7730 /* PBXTargetDependency */,
			);
			name = GeekSocialTests;
			productName = GeekSocialTests;
			productReference = 5EE61F342050D10B009E7730 /* GeekSocialTests.xctest */;
			productType = "com.apple.product-type.bundle.unit-test";
		};
		5EE61F3E2050D10C009E7730 /* GeekSocialUITests */ = {
			isa = PBXNativeTarget;
			buildConfigurationList = 5EE61F4E2050D10C009E7730 /* Build configuration list for PBXNativeTarget "GeekSocialUITests" */;
			buildPhases = (
				5EE61F3B2050D10C009E7730 /* Sources */,
				5EE61F3C2050D10C009E7730 /* Frameworks */,
				5EE61F3D2050D10C009E7730 /* Resources */,
			);
			buildRules = (
			);
			dependencies = (
				5EE61F412050D10C009E7730 /* PBXTargetDependency */,
			);
			name = GeekSocialUITests;
			productName = GeekSocialUITests;
			productReference = 5EE61F3F2050D10C009E7730 /* GeekSocialUITests.xctest */;
			productType = "com.apple.product-type.bundle.ui-testing";
		};
/* End PBXNativeTarget section */

/* Begin PBXProject section */
		5EE61F152050D10B009E7730 /* Project object */ = {
			isa = PBXProject;
			attributes = {
				LastSwiftUpdateCheck = 0920;
				LastUpgradeCheck = 0920;
				ORGANIZATIONNAME = "George Gomes";
				TargetAttributes = {
					5EE61F1C2050D10B009E7730 = {
						CreatedOnToolsVersion = 9.2;
						ProvisioningStyle = Automatic;
					};
					5EE61F332050D10B009E7730 = {
						CreatedOnToolsVersion = 9.2;
						ProvisioningStyle = Automatic;
						TestTargetID = 5EE61F1C2050D10B009E7730;
					};
					5EE61F3E2050D10C009E7730 = {
						CreatedOnToolsVersion = 9.2;
						ProvisioningStyle = Automatic;
						TestTargetID = 5EE61F1C2050D10B009E7730;
					};
				};
			};
			buildConfigurationList = 5EE61F182050D10B009E7730 /* Build configuration list for PBXProject "GeekSocial" */;
			compatibilityVersion = "Xcode 8.0";
			developmentRegion = en;
			hasScannedForEncodings = 0;
			knownRegions = (
				en,
				Base,
			);
			mainGroup = 5EE61F142050D10B009E7730;
			productRefGroup = 5EE61F1E2050D10B009E7730 /* Products */;
			projectDirPath = "";
			projectRoot = "";
			targets = (
				5EE61F1C2050D10B009E7730 /* GeekSocial */,
				5EE61F332050D10B009E7730 /* GeekSocialTests */,
				5EE61F3E2050D10C009E7730 /* GeekSocialUITests */,
			);
		};
/* End PBXProject section */

/* Begin PBXResourcesBuildPhase section */
		5EE61F1B2050D10B009E7730 /* Resources */ = {
			isa = PBXResourcesBuildPhase;
			buildActionMask = 2147483647;
			files = (
				5EE61F2E2050D10B009E7730 /* LaunchScreen.storyboard in Resources */,
				5EE61F2B2050D10B009E7730 /* Assets.xcassets in Resources */,
				5EE61F262050D10B009E7730 /* Main.storyboard in Resources */,
			);
			runOnlyForDeploymentPostprocessing = 0;
		};
		5EE61F322050D10B009E7730 /* Resources */ = {
			isa = PBXResourcesBuildPhase;
			buildActionMask = 2147483647;
			files = (
			);
			runOnlyForDeploymentPostprocessing = 0;
		};
		5EE61F3D2050D10C009E7730 /* Resources */ = {
			isa = PBXResourcesBuildPhase;
			buildActionMask = 2147483647;
			files = (
			);
			runOnlyForDeploymentPostprocessing = 0;
		};
/* End PBXResourcesBuildPhase section */

/* Begin PBXShellScriptBuildPhase section */
		2046D4D62EBA046D5B9BE677 /* [CP] Check Pods Manifest.lock */ = {
			isa = PBXShellScriptBuildPhase;
			buildActionMask = 2147483647;
			files = (
			);
			inputPaths = (
				"${PODS_PODFILE_DIR_PATH}/Podfile.lock",
				"${PODS_ROOT}/Manifest.lock",
			);
			name = "[CP] Check Pods Manifest.lock";
			outputPaths = (
				"$(DERIVED_FILE_DIR)/Pods-GeekSocial-checkManifestLockResult.txt",
			);
			runOnlyForDeploymentPostprocessing = 0;
			shellPath = /bin/sh;
			shellScript = "diff \"${PODS_PODFILE_DIR_PATH}/Podfile.lock\" \"${PODS_ROOT}/Manifest.lock\" > /dev/null\nif [ $? != 0 ] ; then\n    # print error to STDERR\n    echo \"error: The sandbox is not in sync with the Podfile.lock. Run 'pod install' or update your CocoaPods installation.\" >&2\n    exit 1\nfi\n# This output is used by Xcode 'outputs' to avoid re-running this script phase.\necho \"SUCCESS\" > \"${SCRIPT_OUTPUT_FILE_0}\"\n";
			showEnvVarsInLog = 0;
		};
		E0CD3C913BDD742DD5594F91 /* [CP] Embed Pods Frameworks */ = {
			isa = PBXShellScriptBuildPhase;
			buildActionMask = 2147483647;
			files = (
			);
			inputPaths = (
				"${SRCROOT}/Pods/Target Support Files/Pods-GeekSocial/Pods-GeekSocial-frameworks.sh",
				"${BUILT_PRODUCTS_DIR}/Alamofire/Alamofire.framework",
			);
			name = "[CP] Embed Pods Frameworks";
			outputPaths = (
				"${TARGET_BUILD_DIR}/${FRAMEWORKS_FOLDER_PATH}/Alamofire.framework",
			);
			runOnlyForDeploymentPostprocessing = 0;
			shellPath = /bin/sh;
			shellScript = "\"${SRCROOT}/Pods/Target Support Files/Pods-GeekSocial/Pods-GeekSocial-frameworks.sh\"\n";
			showEnvVarsInLog = 0;
		};
		EE10DC8078B01E21B2FCB959 /* [CP] Copy Pods Resources */ = {
			isa = PBXShellScriptBuildPhase;
			buildActionMask = 2147483647;
			files = (
			);
			inputPaths = (
			);
			name = "[CP] Copy Pods Resources";
			outputPaths = (
			);
			runOnlyForDeploymentPostprocessing = 0;
			shellPath = /bin/sh;
			shellScript = "\"${SRCROOT}/Pods/Target Support Files/Pods-GeekSocial/Pods-GeekSocial-resources.sh\"\n";
			showEnvVarsInLog = 0;
		};
/* End PBXShellScriptBuildPhase section */

/* Begin PBXSourcesBuildPhase section */
		5EE61F192050D10B009E7730 /* Sources */ = {
			isa = PBXSourcesBuildPhase;
			buildActionMask = 2147483647;
			files = (
				5E6BFED920CCE88700312964 /* UserBO.swift in Sources */,
				5E07BF9D20CD731B0008DE33 /* LoginViewController .swift in Sources */,
				5EBF7464205C5794000CD789 /* User.swift in Sources */,
				5E07BF9F20CD78360008DE33 /* ListOfUsers.swift in Sources */,
				5E6BFED720CCD2AF00312964 /* DateExtension.swift in Sources */,
				5E5309BC205D77AF00DAB980 /* SignUpViewController.swift in Sources */,
				5EE61F292050D10B009E7730 /* GeekSocial.xcdatamodeld in Sources */,
				5E07BF9B20CD67D80008DE33 /* CDManager.swift in Sources */,
				5EB233ED205CD915003B93CF /* FeedViewController.swift in Sources */,
				5EE61F212050D10B009E7730 /* AppDelegate.swift in Sources */,
				5E5309C0205DAA7900DAB980 /* Enums.swift in Sources */,
				5EB233F0205CE0B3003B93CF /* ServiceRequest.swift in Sources */,
			);
			runOnlyForDeploymentPostprocessing = 0;
		};
		5EE61F302050D10B009E7730 /* Sources */ = {
			isa = PBXSourcesBuildPhase;
			buildActionMask = 2147483647;
			files = (
				5EE61F392050D10C009E7730 /* GeekSocialTests.swift in Sources */,
			);
			runOnlyForDeploymentPostprocessing = 0;
		};
		5EE61F3B2050D10C009E7730 /* Sources */ = {
			isa = PBXSourcesBuildPhase;
			buildActionMask = 2147483647;
			files = (
				5EE61F442050D10C009E7730 /* GeekSocialUITests.swift in Sources */,
			);
			runOnlyForDeploymentPostprocessing = 0;
		};
/* End PBXSourcesBuildPhase section */

/* Begin PBXTargetDependency section */
		5EE61F362050D10C009E7730 /* PBXTargetDependency */ = {
			isa = PBXTargetDependency;
			target = 5EE61F1C2050D10B009E7730 /* GeekSocial */;
			targetProxy = 5EE61F352050D10C009E7730 /* PBXContainerItemProxy */;
		};
		5EE61F412050D10C009E7730 /* PBXTargetDependency */ = {
			isa = PBXTargetDependency;
			target = 5EE61F1C2050D10B009E7730 /* GeekSocial */;
			targetProxy = 5EE61F402050D10C009E7730 /* PBXContainerItemProxy */;
		};
/* End PBXTargetDependency section */

/* Begin PBXVariantGroup section */
		5EE61F242050D10B009E7730 /* Main.storyboard */ = {
			isa = PBXVariantGroup;
			children = (
				5EE61F252050D10B009E7730 /* Base */,
			);
			name = Main.storyboard;
			sourceTree = "<group>";
		};
		5EE61F2C2050D10B009E7730 /* LaunchScreen.storyboard */ = {
			isa = PBXVariantGroup;
			children = (
				5EE61F2D2050D10B009E7730 /* Base */,
			);
			name = LaunchScreen.storyboard;
			sourceTree = "<group>";
		};
/* End PBXVariantGroup section */

/* Begin XCBuildConfiguration section */
		5EE61F462050D10C009E7730 /* Debug */ = {
			isa = XCBuildConfiguration;
			buildSettings = {
				ALWAYS_SEARCH_USER_PATHS = NO;
				CLANG_ANALYZER_NONNULL = YES;
				CLANG_ANALYZER_NUMBER_OBJECT_CONVERSION = YES_AGGRESSIVE;
				CLANG_CXX_LANGUAGE_STANDARD = "gnu++14";
				CLANG_CXX_LIBRARY = "libc++";
				CLANG_ENABLE_MODULES = YES;
				CLANG_ENABLE_OBJC_ARC = YES;
				CLANG_WARN_BLOCK_CAPTURE_AUTORELEASING = YES;
				CLANG_WARN_BOOL_CONVERSION = YES;
				CLANG_WARN_COMMA = YES;
				CLANG_WARN_CONSTANT_CONVERSION = YES;
				CLANG_WARN_DIRECT_OBJC_ISA_USAGE = YES_ERROR;
				CLANG_WARN_DOCUMENTATION_COMMENTS = YES;
				CLANG_WARN_EMPTY_BODY = YES;
				CLANG_WARN_ENUM_CONVERSION = YES;
				CLANG_WARN_INFINITE_RECURSION = YES;
				CLANG_WARN_INT_CONVERSION = YES;
				CLANG_WARN_NON_LITERAL_NULL_CONVERSION = YES;
				CLANG_WARN_OBJC_LITERAL_CONVERSION = YES;
				CLANG_WARN_OBJC_ROOT_CLASS = YES_ERROR;
				CLANG_WARN_RANGE_LOOP_ANALYSIS = YES;
				CLANG_WARN_STRICT_PROTOTYPES = YES;
				CLANG_WARN_SUSPICIOUS_MOVE = YES;
				CLANG_WARN_UNGUARDED_AVAILABILITY = YES_AGGRESSIVE;
				CLANG_WARN_UNREACHABLE_CODE = YES;
				CLANG_WARN__DUPLICATE_METHOD_MATCH = YES;
				CODE_SIGN_IDENTITY = "iPhone Developer";
				COPY_PHASE_STRIP = NO;
				DEBUG_INFORMATION_FORMAT = dwarf;
				ENABLE_STRICT_OBJC_MSGSEND = YES;
				ENABLE_TESTABILITY = YES;
				GCC_C_LANGUAGE_STANDARD = gnu11;
				GCC_DYNAMIC_NO_PIC = NO;
				GCC_NO_COMMON_BLOCKS = YES;
				GCC_OPTIMIZATION_LEVEL = 0;
				GCC_PREPROCESSOR_DEFINITIONS = (
					"DEBUG=1",
					"$(inherited)",
				);
				GCC_WARN_64_TO_32_BIT_CONVERSION = YES;
				GCC_WARN_ABOUT_RETURN_TYPE = YES_ERROR;
				GCC_WARN_UNDECLARED_SELECTOR = YES;
				GCC_WARN_UNINITIALIZED_AUTOS = YES_AGGRESSIVE;
				GCC_WARN_UNUSED_FUNCTION = YES;
				GCC_WARN_UNUSED_VARIABLE = YES;
				IPHONEOS_DEPLOYMENT_TARGET = 11.2;
				MTL_ENABLE_DEBUG_INFO = YES;
				ONLY_ACTIVE_ARCH = YES;
				SDKROOT = iphoneos;
				SWIFT_ACTIVE_COMPILATION_CONDITIONS = DEBUG;
				SWIFT_OPTIMIZATION_LEVEL = "-Onone";
			};
			name = Debug;
		};
		5EE61F472050D10C009E7730 /* Release */ = {
			isa = XCBuildConfiguration;
			buildSettings = {
				ALWAYS_SEARCH_USER_PATHS = NO;
				CLANG_ANALYZER_NONNULL = YES;
				CLANG_ANALYZER_NUMBER_OBJECT_CONVERSION = YES_AGGRESSIVE;
				CLANG_CXX_LANGUAGE_STANDARD = "gnu++14";
				CLANG_CXX_LIBRARY = "libc++";
				CLANG_ENABLE_MODULES = YES;
				CLANG_ENABLE_OBJC_ARC = YES;
				CLANG_WARN_BLOCK_CAPTURE_AUTORELEASING = YES;
				CLANG_WARN_BOOL_CONVERSION = YES;
				CLANG_WARN_COMMA = YES;
				CLANG_WARN_CONSTANT_CONVERSION = YES;
				CLANG_WARN_DIRECT_OBJC_ISA_USAGE = YES_ERROR;
				CLANG_WARN_DOCUMENTATION_COMMENTS = YES;
				CLANG_WARN_EMPTY_BODY = YES;
				CLANG_WARN_ENUM_CONVERSION = YES;
				CLANG_WARN_INFINITE_RECURSION = YES;
				CLANG_WARN_INT_CONVERSION = YES;
				CLANG_WARN_NON_LITERAL_NULL_CONVERSION = YES;
				CLANG_WARN_OBJC_LITERAL_CONVERSION = YES;
				CLANG_WARN_OBJC_ROOT_CLASS = YES_ERROR;
				CLANG_WARN_RANGE_LOOP_ANALYSIS = YES;
				CLANG_WARN_STRICT_PROTOTYPES = YES;
				CLANG_WARN_SUSPICIOUS_MOVE = YES;
				CLANG_WARN_UNGUARDED_AVAILABILITY = YES_AGGRESSIVE;
				CLANG_WARN_UNREACHABLE_CODE = YES;
				CLANG_WARN__DUPLICATE_METHOD_MATCH = YES;
				CODE_SIGN_IDENTITY = "iPhone Developer";
				COPY_PHASE_STRIP = NO;
				DEBUG_INFORMATION_FORMAT = "dwarf-with-dsym";
				ENABLE_NS_ASSERTIONS = NO;
				ENABLE_STRICT_OBJC_MSGSEND = YES;
				GCC_C_LANGUAGE_STANDARD = gnu11;
				GCC_NO_COMMON_BLOCKS = YES;
				GCC_WARN_64_TO_32_BIT_CONVERSION = YES;
				GCC_WARN_ABOUT_RETURN_TYPE = YES_ERROR;
				GCC_WARN_UNDECLARED_SELECTOR = YES;
				GCC_WARN_UNINITIALIZED_AUTOS = YES_AGGRESSIVE;
				GCC_WARN_UNUSED_FUNCTION = YES;
				GCC_WARN_UNUSED_VARIABLE = YES;
				IPHONEOS_DEPLOYMENT_TARGET = 11.2;
				MTL_ENABLE_DEBUG_INFO = NO;
				SDKROOT = iphoneos;
				SWIFT_OPTIMIZATION_LEVEL = "-Owholemodule";
				VALIDATE_PRODUCT = YES;
			};
			name = Release;
		};
		5EE61F492050D10C009E7730 /* Debug */ = {
			isa = XCBuildConfiguration;
			baseConfigurationReference = 19308B70C55273599CBD7E3B /* Pods-GeekSocial.debug.xcconfig */;
			buildSettings = {
				ASSETCATALOG_COMPILER_APPICON_NAME = AppIcon;
				CODE_SIGN_STYLE = Automatic;
				DEVELOPMENT_TEAM = J8JPD2534R;
				INFOPLIST_FILE = GeekSocial/Info.plist;
				LD_RUNPATH_SEARCH_PATHS = "$(inherited) @executable_path/Frameworks";
				PRODUCT_BUNDLE_IDENTIFIER = George.GeekSocial;
				PRODUCT_NAME = "$(TARGET_NAME)";
				SWIFT_VERSION = 4.0;
				TARGETED_DEVICE_FAMILY = "1,2";
			};
			name = Debug;
		};
		5EE61F4A2050D10C009E7730 /* Release */ = {
			isa = XCBuildConfiguration;
			baseConfigurationReference = BA43D6FBEB0960DFC91452F0 /* Pods-GeekSocial.release.xcconfig */;
			buildSettings = {
				ASSETCATALOG_COMPILER_APPICON_NAME = AppIcon;
				CODE_SIGN_STYLE = Automatic;
				DEVELOPMENT_TEAM = J8JPD2534R;
				INFOPLIST_FILE = GeekSocial/Info.plist;
				LD_RUNPATH_SEARCH_PATHS = "$(inherited) @executable_path/Frameworks";
				PRODUCT_BUNDLE_IDENTIFIER = George.GeekSocial;
				PRODUCT_NAME = "$(TARGET_NAME)";
				SWIFT_VERSION = 4.0;
				TARGETED_DEVICE_FAMILY = "1,2";
			};
			name = Release;
		};
		5EE61F4C2050D10C009E7730 /* Debug */ = {
			isa = XCBuildConfiguration;
			buildSettings = {
				ALWAYS_EMBED_SWIFT_STANDARD_LIBRARIES = YES;
				BUNDLE_LOADER = "$(TEST_HOST)";
				CODE_SIGN_STYLE = Automatic;
				DEVELOPMENT_TEAM = J8JPD2534R;
				INFOPLIST_FILE = GeekSocialTests/Info.plist;
				LD_RUNPATH_SEARCH_PATHS = "$(inherited) @executable_path/Frameworks @loader_path/Frameworks";
				PRODUCT_BUNDLE_IDENTIFIER = George.GeekSocialTests;
				PRODUCT_NAME = "$(TARGET_NAME)";
				SWIFT_VERSION = 4.0;
				TARGETED_DEVICE_FAMILY = "1,2";
				TEST_HOST = "$(BUILT_PRODUCTS_DIR)/GeekSocial.app/GeekSocial";
			};
			name = Debug;
		};
		5EE61F4D2050D10C009E7730 /* Release */ = {
			isa = XCBuildConfiguration;
			buildSettings = {
				ALWAYS_EMBED_SWIFT_STANDARD_LIBRARIES = YES;
				BUNDLE_LOADER = "$(TEST_HOST)";
				CODE_SIGN_STYLE = Automatic;
				DEVELOPMENT_TEAM = J8JPD2534R;
				INFOPLIST_FILE = GeekSocialTests/Info.plist;
				LD_RUNPATH_SEARCH_PATHS = "$(inherited) @executable_path/Frameworks @loader_path/Frameworks";
				PRODUCT_BUNDLE_IDENTIFIER = George.GeekSocialTests;
				PRODUCT_NAME = "$(TARGET_NAME)";
				SWIFT_VERSION = 4.0;
				TARGETED_DEVICE_FAMILY = "1,2";
				TEST_HOST = "$(BUILT_PRODUCTS_DIR)/GeekSocial.app/GeekSocial";
			};
			name = Release;
		};
		5EE61F4F2050D10C009E7730 /* Debug */ = {
			isa = XCBuildConfiguration;
			buildSettings = {
				ALWAYS_EMBED_SWIFT_STANDARD_LIBRARIES = YES;
				CODE_SIGN_STYLE = Automatic;
				DEVELOPMENT_TEAM = J8JPD2534R;
				INFOPLIST_FILE = GeekSocialUITests/Info.plist;
				LD_RUNPATH_SEARCH_PATHS = "$(inherited) @executable_path/Frameworks @loader_path/Frameworks";
				PRODUCT_BUNDLE_IDENTIFIER = George.GeekSocialUITests;
				PRODUCT_NAME = "$(TARGET_NAME)";
				SWIFT_VERSION = 4.0;
				TARGETED_DEVICE_FAMILY = "1,2";
				TEST_TARGET_NAME = GeekSocial;
			};
			name = Debug;
		};
		5EE61F502050D10C009E7730 /* Release */ = {
			isa = XCBuildConfiguration;
			buildSettings = {
				ALWAYS_EMBED_SWIFT_STANDARD_LIBRARIES = YES;
				CODE_SIGN_STYLE = Automatic;
				DEVELOPMENT_TEAM = J8JPD2534R;
				INFOPLIST_FILE = GeekSocialUITests/Info.plist;
				LD_RUNPATH_SEARCH_PATHS = "$(inherited) @executable_path/Frameworks @loader_path/Frameworks";
				PRODUCT_BUNDLE_IDENTIFIER = George.GeekSocialUITests;
				PRODUCT_NAME = "$(TARGET_NAME)";
				SWIFT_VERSION = 4.0;
				TARGETED_DEVICE_FAMILY = "1,2";
				TEST_TARGET_NAME = GeekSocial;
			};
			name = Release;
		};
/* End XCBuildConfiguration section */

/* Begin XCConfigurationList section */
		5EE61F182050D10B009E7730 /* Build configuration list for PBXProject "GeekSocial" */ = {
			isa = XCConfigurationList;
			buildConfigurations = (
				5EE61F462050D10C009E7730 /* Debug */,
				5EE61F472050D10C009E7730 /* Release */,
			);
			defaultConfigurationIsVisible = 0;
			defaultConfigurationName = Release;
		};
		5EE61F482050D10C009E7730 /* Build configuration list for PBXNativeTarget "GeekSocial" */ = {
			isa = XCConfigurationList;
			buildConfigurations = (
				5EE61F492050D10C009E7730 /* Debug */,
				5EE61F4A2050D10C009E7730 /* Release */,
			);
			defaultConfigurationIsVisible = 0;
			defaultConfigurationName = Release;
		};
		5EE61F4B2050D10C009E7730 /* Build configuration list for PBXNativeTarget "GeekSocialTests" */ = {
			isa = XCConfigurationList;
			buildConfigurations = (
				5EE61F4C2050D10C009E7730 /* Debug */,
				5EE61F4D2050D10C009E7730 /* Release */,
			);
			defaultConfigurationIsVisible = 0;
			defaultConfigurationName = Release;
		};
		5EE61F4E2050D10C009E7730 /* Build configuration list for PBXNativeTarget "GeekSocialUITests" */ = {
			isa = XCConfigurationList;
			buildConfigurations = (
				5EE61F4F2050D10C009E7730 /* Debug */,
				5EE61F502050D10C009E7730 /* Release */,
			);
			defaultConfigurationIsVisible = 0;
			defaultConfigurationName = Release;
		};
/* End XCConfigurationList section */

/* Begin XCVersionGroup section */
		5EE61F272050D10B009E7730 /* GeekSocial.xcdatamodeld */ = {
			isa = XCVersionGroup;
			children = (
				5EE61F282050D10B009E7730 /* GeekSocial.xcdatamodel */,
			);
			currentVersion = 5EE61F282050D10B009E7730 /* GeekSocial.xcdatamodel */;
			path = GeekSocial.xcdatamodeld;
			sourceTree = "<group>";
			versionGroupType = wrapper.xcdatamodel;
		};
/* End XCVersionGroup section */
	};
	rootObject = 5EE61F152050D10B009E7730 /* Project object */;
}
